
Microsoft Visual Studio Solution File, Format Version 12.00
# Visual Studio 15
VisualStudioVersion = 15.0.27703.2035
MinimumVisualStudioVersion = 10.0.40219.1
Project("{FAE04EC0-301F-11D3-BF4B-00C04F79EFBC}") = "AdministradorTareas", "WindowsFormsApp1\AdministradorTareas.csproj", "{AD185D82-0456-4493-9908-04F7A1CF36BC}"
EndProject
Global
	GlobalSection(SolutionConfigurationPlatforms) = preSolution
		Debug|Any CPU = Debug|Any CPU
		Release|Any CPU = Release|Any CPU
	EndGlobalSection
	GlobalSection(ProjectConfigurationPlatforms) = postSolution
		{AD185D82-0456-4493-9908-04F7A1CF36BC}.Debug|Any CPU.ActiveCfg = Debug|Any CPU
		{AD185D82-0456-4493-9908-04F7A1CF36BC}.Debug|Any CPU.Build.0 = Debug|Any CPU
		{AD185D82-0456-4493-9908-04F7A1CF36BC}.Release|Any CPU.ActiveCfg = Release|Any CPU
		{AD185D82-0456-4493-9908-04F7A1CF36BC}.Release|Any CPU.Build.0 = Release|Any CPU
	EndGlobalSection
	GlobalSection(SolutionProperties) = preSolution
		HideSolutionNode = FALSE
	EndGlobalSection
	GlobalSection(ExtensibilityGlobals) = postSolution
		SolutionGuid = {82360C92-9773-440C-BB41-502FA6DC9064}
	EndGlobalSection
EndGlobal
